<?xml version="1.0" encoding="utf-8"?>
<Project ToolsVersion="4.0" xmlns="http://schemas.microsoft.com/developer/msbuild/2003">
  <ItemGroup>
    <Filter Include="Source">
      <UniqueIdentifier>{f652bc69-9546-4ff4-a9dd-30c95454ff42}</UniqueIdentifier>
    </Filter>
    <Filter Include="Source\Public">
      <UniqueIdentifier>{93995380-89BD-4b04-88EB-625FBE52EBFB}</UniqueIdentifier>
      <Extensions>h;hh;hpp;hxx;h++;hm;inl;inc;ipp;xsd</Extensions>
    </Filter>
    <Filter Include="Source\Private">
      <UniqueIdentifier>{4FC737F1-C7A5-4376-A066-2A32D752A2FF}</UniqueIdentifier>
      <Extensions>cpp;c;cc;cxx;c++;cppm;ixx;def;odl;idl;hpj;bat;asm;asmx</Extensions>
    </Filter>
    <Filter Include="Resources">
      <UniqueIdentifier>{67DA6AB6-F800-4c08-8B7A-83BB121AAD01}</UniqueIdentifier>
      <Extensions>rc;ico;cur;bmp;dlg;rc2;rct;bin;rgs;gif;jpg;jpeg;jpe;resx;tiff;tif;png;wav;mfcribbon-ms</Extensions>
    </Filter>
    <Filter Include="Source\pch">
      <UniqueIdentifier>{86a9ba13-878a-4527-898c-aa4595696bee}</UniqueIdentifier>
    </Filter>
    <Filter Include="Source\Private\input">
      <UniqueIdentifier>{7d52eeed-5b65-4cb2-9c33-bfcbfc474399}</UniqueIdentifier>
    </Filter>
    <Filter Include="Source\Public\input">
      <UniqueIdentifier>{fb31cf11-6ccb-4026-a507-5e0c95a41bee}</UniqueIdentifier>
    </Filter>
    <Filter Include="Source\Private\resources">
      <UniqueIdentifier>{31216c62-ef8a-409f-8116-d93919a089f6}</UniqueIdentifier>
    </Filter>
    <Filter Include="Source\Public\resources">
      <UniqueIdentifier>{1b5e0c43-8f6c-40bd-96b6-e73de45a378b}</UniqueIdentifier>
    </Filter>
    <Filter Include="Source\Core">
      <UniqueIdentifier>{da67c42c-d88e-4651-bc40-b9d31e404c6c}</UniqueIdentifier>
    </Filter>
    <Filter Include="Source\Core\Classes">
      <UniqueIdentifier>{c4deb1b0-167b-4336-85d6-07079ab1c065}</UniqueIdentifier>
    </Filter>
    <Filter Include="Source\Core\Public">
      <UniqueIdentifier>{8149d9a2-ef61-4dd3-8a8b-7fc658c4db75}</UniqueIdentifier>
    </Filter>
    <Filter Include="Source\Core\Private">
      <UniqueIdentifier>{1a0e6f0e-c865-4b35-b533-c70e243e3eb7}</UniqueIdentifier>
    </Filter>
    <Filter Include="Source\Engine">
      <UniqueIdentifier>{9b0a3f96-81e1-4a23-87e4-4372b7ad2776}</UniqueIdentifier>
    </Filter>
    <Filter Include="Source\Common">
      <UniqueIdentifier>{7935ff76-9094-4db7-83cb-d9a15a2c3454}</UniqueIdentifier>
    </Filter>
    <Filter Include="Source\Common\Private">
      <UniqueIdentifier>{2635cf19-2561-429a-8389-ad85b3b4c82e}</UniqueIdentifier>
    </Filter>
    <Filter Include="Source\Common\Public">
      <UniqueIdentifier>{369a23a5-80be-4432-8c86-6c3d5ad767d0}</UniqueIdentifier>
    </Filter>
    <Filter Include="Source\Common\Classes">
      <UniqueIdentifier>{27e6c02e-d8f1-46c7-8b6d-596bb1b2be37}</UniqueIdentifier>
    </Filter>
    <Filter Include="Source\Platform">
      <UniqueIdentifier>{277c0016-5922-43df-bb91-d57431de110f}</UniqueIdentifier>
    </Filter>
    <Filter Include="Source\Platform\Win32">
      <UniqueIdentifier>{94f25545-80f3-4b3d-923f-cf36485b0eb5}</UniqueIdentifier>
    </Filter>
    <Filter Include="Source\Platform\Win32\Classes">
      <UniqueIdentifier>{e06535d3-2b46-4962-be13-dbb81dd71105}</UniqueIdentifier>
    </Filter>
    <Filter Include="Source\Platform\Win32\Private">
      <UniqueIdentifier>{022cb23c-8537-4b3e-b5d6-d6c2d762eb51}</UniqueIdentifier>
    </Filter>
    <Filter Include="Source\Platform\Win32\Public">
      <UniqueIdentifier>{ed3ded34-cbe1-494e-b500-f993eee4f214}</UniqueIdentifier>
    </Filter>
    <Filter Include="Source\Platform\DX12">
      <UniqueIdentifier>{fdce0abf-7f03-44ed-97f9-c1b6839fc932}</UniqueIdentifier>
    </Filter>
    <Filter Include="Source\Platform\DX12\Public">
      <UniqueIdentifier>{9528c370-89b0-4dd8-9b9a-557bea550d8c}</UniqueIdentifier>
    </Filter>
    <Filter Include="Source\Platform\DX12\Private">
      <UniqueIdentifier>{5fe1e923-471f-45b9-b3a3-4f0732fa84b8}</UniqueIdentifier>
    </Filter>
    <Filter Include="Source\Platform\DX12\Classes">
      <UniqueIdentifier>{fb32eb74-1371-4f7d-af2d-979230cc0296}</UniqueIdentifier>
    </Filter>
    <Filter Include="Source\Graphics">
      <UniqueIdentifier>{be83660c-e8f6-4a36-81df-96ba35870860}</UniqueIdentifier>
    </Filter>
    <Filter Include="Source\Graphics\Classes">
      <UniqueIdentifier>{a9134ec0-66e0-4842-b4b2-3a4dbbd1707d}</UniqueIdentifier>
    </Filter>
    <Filter Include="Source\Graphics\Private">
      <UniqueIdentifier>{47f01078-df4c-4a23-a7af-4de84928217e}</UniqueIdentifier>
    </Filter>
    <Filter Include="Source\Graphics\Public">
      <UniqueIdentifier>{15948723-d0c6-4e11-87cd-89dfe2dff93c}</UniqueIdentifier>
    </Filter>
    <Filter Include="Source\Engine\Registry">
      <UniqueIdentifier>{804d60d9-2c44-4a2c-b742-42f4fa67adc6}</UniqueIdentifier>
    </Filter>
    <Filter Include="Source\Engine\Registry\Classes">
      <UniqueIdentifier>{45924dfc-9019-41ea-b422-6d4a8949d8c3}</UniqueIdentifier>
    </Filter>
    <Filter Include="Source\Engine\Registry\Private">
      <UniqueIdentifier>{4853c939-5509-4710-8f62-c9eb7888dd70}</UniqueIdentifier>
    </Filter>
    <Filter Include="Source\Engine\Registry\Public">
      <UniqueIdentifier>{1d257931-1e70-461f-806b-6bcb298eea82}</UniqueIdentifier>
    </Filter>
    <Filter Include="Source\Engine\Manager">
      <UniqueIdentifier>{3979e5f4-c670-4dca-8c7d-8b15d96bb5d2}</UniqueIdentifier>
    </Filter>
    <Filter Include="Source\Engine\Window">
      <UniqueIdentifier>{5cca97ec-d585-4af0-a234-1dfe4da626d1}</UniqueIdentifier>
    </Filter>
    <Filter Include="Source\Engine\Manager\Classes">
      <UniqueIdentifier>{3947a42b-adef-4c7d-b332-cf835da2f670}</UniqueIdentifier>
    </Filter>
    <Filter Include="Source\Engine\Manager\Private">
      <UniqueIdentifier>{0df28343-621f-430a-b148-42689811d3c7}</UniqueIdentifier>
    </Filter>
    <Filter Include="Source\Engine\Manager\Public">
      <UniqueIdentifier>{4c983aa3-eb25-4c3d-8066-1f7ec65aaff2}</UniqueIdentifier>
    </Filter>
    <Filter Include="Source\Engine\Window\Classes">
      <UniqueIdentifier>{e4e5f118-e5e2-451b-9f2a-a9c33b4cfc6a}</UniqueIdentifier>
    </Filter>
    <Filter Include="Source\Engine\Window\Public">
      <UniqueIdentifier>{8a84a451-f23b-4f82-9804-2cb4728cf7d8}</UniqueIdentifier>
    </Filter>
    <Filter Include="Source\Engine\Window\Private">
      <UniqueIdentifier>{fe063c5c-9090-46de-b10e-15602b5b80ee}</UniqueIdentifier>
    </Filter>
    <Filter Include="Source\Engine\Engine">
      <UniqueIdentifier>{3e38c68b-781b-46e8-9053-86ded2ec77ca}</UniqueIdentifier>
    </Filter>
    <Filter Include="Source\Engine\Engine\Classes">
      <UniqueIdentifier>{7be04641-8407-49f8-8af7-1d1c18f2f3ed}</UniqueIdentifier>
    </Filter>
    <Filter Include="Source\Engine\Engine\Private">
      <UniqueIdentifier>{01263982-dc10-4d17-8a23-23589e823404}</UniqueIdentifier>
    </Filter>
    <Filter Include="Source\Engine\Engine\Public">
      <UniqueIdentifier>{16d052f2-0f6b-4af8-919b-796daabc110d}</UniqueIdentifier>
    </Filter>
  </ItemGroup>
  <ItemGroup>
    <ClCompile Include="src\daybreak.cpp">
      <Filter>Source\pch</Filter>
    </ClCompile>
    <ClCompile Include="src\input\InputManager.cpp">
      <Filter>Source\Private\input</Filter>
    </ClCompile>
    <ClCompile Include="src\resources\ResourceManager.cpp">
      <Filter>Source\Private\resources</Filter>
    </ClCompile>
    <ClCompile Include="src\core\Core.cpp">
      <Filter>Source\Core\Private</Filter>
    </ClCompile>
    <ClCompile Include="src\core\CoreMinimal.cpp">
      <Filter>Source\Core\Private</Filter>
    </ClCompile>
    <ClCompile Include="src\core\GameSettings.cpp">
      <Filter>Source\Core\Private</Filter>
    </ClCompile>
    <ClCompile Include="src\core\CoreDefinitions.cpp">
      <Filter>Source\Core\Private</Filter>
    </ClCompile>
    <ClCompile Include="src\engine\Simulation.cpp">
      <Filter>Source\Engine\Engine\Private</Filter>
    </ClCompile>
    <ClCompile Include="src\engine\Engine.cpp">
      <Filter>Source\Engine\Engine\Private</Filter>
    </ClCompile>
    <ClCompile Include="src\common\Logger.cpp">
      <Filter>Source\Common\Private</Filter>
    </ClCompile>
    <ClCompile Include="src\common\Time.cpp">
      <Filter>Source\Common\Private</Filter>
    </ClCompile>
    <ClCompile Include="src\common\CmdLineArgs.cpp">
      <Filter>Source\Common\Private</Filter>
    </ClCompile>
    <ClCompile Include="src\platform\win32\SubObject.cpp">
      <Filter>Source\Platform\Win32\Private</Filter>
    </ClCompile>
    <ClCompile Include="src\platform\win32\Window.cpp">
      <Filter>Source\Platform\Win32\Private</Filter>
    </ClCompile>
    <ClCompile Include="src\platform\win32\IApplication.cpp">
      <Filter>Source\Platform\Win32\Private</Filter>
    </ClCompile>
    <ClCompile Include="src\platform\win32\Win32Utils.cpp">
      <Filter>Source\Platform\Win32\Private</Filter>
    </ClCompile>
    <ClCompile Include="src\platform\win32\Win32Caption.cpp">
      <Filter>Source\Platform\Win32\Private</Filter>
    </ClCompile>
    <ClCompile Include="src\platform\dx12\Application.cpp">
      <Filter>Source\Platform\DX12\Private</Filter>
    </ClCompile>
    <ClCompile Include="src\platform\dx12\CommandQueue.cpp">
      <Filter>Source\Platform\DX12\Private</Filter>
    </ClCompile>
    <ClCompile Include="src\platform\dx12\Context.cpp">
      <Filter>Source\Platform\DX12\Private</Filter>
    </ClCompile>
    <ClCompile Include="src\platform\dx12\UploadBuffer.cpp">
      <Filter>Source\Platform\DX12\Private</Filter>
    </ClCompile>
    <ClCompile Include="src\platform\dx12\DescriptorAllocation.cpp">
      <Filter>Source\Platform\DX12\Private</Filter>
    </ClCompile>
    <ClCompile Include="src\platform\dx12\DescriptorAllocator.cpp">
      <Filter>Source\Platform\DX12\Private</Filter>
    </ClCompile>
    <ClCompile Include="src\platform\dx12\DescriptorAllocatorPage.cpp">
      <Filter>Source\Platform\DX12\Private</Filter>
    </ClCompile>
    <ClCompile Include="src\platform\dx12\DynamicDescriptorHeap.cpp">
      <Filter>Source\Platform\DX12\Private</Filter>
    </ClCompile>
    <ClCompile Include="src\platform\dx12\CommandList.cpp">
      <Filter>Source\Platform\DX12\Private</Filter>
    </ClCompile>
    <ClCompile Include="src\platform\dx12\RootSignature.cpp">
      <Filter>Source\Platform\DX12\Private</Filter>
    </ClCompile>
    <ClCompile Include="src\platform\dx12\Resource.cpp">
      <Filter>Source\Platform\DX12\Private</Filter>
    </ClCompile>
    <ClCompile Include="src\platform\dx12\ResourceStateTracker.cpp">
      <Filter>Source\Platform\DX12\Private</Filter>
    </ClCompile>
    <ClCompile Include="src\platform\dx12\Texture.cpp">
      <Filter>Source\Platform\DX12\Private</Filter>
    </ClCompile>
    <ClCompile Include="src\platform\dx12\RenderTarget.cpp">
      <Filter>Source\Platform\DX12\Private</Filter>
    </ClCompile>
    <ClCompile Include="src\platform\dx12\VertexBuffer.cpp">
      <Filter>Source\Platform\DX12\Private</Filter>
    </ClCompile>
    <ClCompile Include="src\platform\dx12\Buffer.cpp">
      <Filter>Source\Platform\DX12\Private</Filter>
    </ClCompile>
    <ClCompile Include="src\graphics\Mesh.cpp">
      <Filter>Source\Graphics\Private</Filter>
    </ClCompile>
    <ClCompile Include="src\platform\dx12\IndexBuffer.cpp">
      <Filter>Source\Platform\DX12\Private</Filter>
    </ClCompile>
    <ClCompile Include="src\graphics\Renderer.cpp">
      <Filter>Source\Graphics\Private</Filter>
    </ClCompile>
    <ClCompile Include="src\platform\win32\ComboBox.cpp">
      <Filter>Source\Platform\Win32\Private</Filter>
    </ClCompile>
    <ClCompile Include="src\graphics\Model.cpp">
      <Filter>Source\Graphics\Private</Filter>
    </ClCompile>
    <ClCompile Include="src\engine\registry\MeshRegistry.cpp">
      <Filter>Source\Engine\Registry\Private</Filter>
    </ClCompile>
    <ClCompile Include="src\engine\registry\ModelRegistry.cpp">
      <Filter>Source\Engine\Registry\Private</Filter>
    </ClCompile>
    <ClCompile Include="src\engine\window\ControlWindow.cpp">
      <Filter>Source\Engine\Window\Private</Filter>
    </ClCompile>
    <ClCompile Include="src\engine\window\MetricsWindow.cpp">
      <Filter>Source\Engine\Window\Private</Filter>
    </ClCompile>
    <ClCompile Include="src\engine\window\SplashScreen.cpp">
      <Filter>Source\Engine\Window\Private</Filter>
    </ClCompile>
    <ClCompile Include="src\engine\manager\FPSCounter.cpp">
      <Filter>Source\Engine\Manager\Private</Filter>
    </ClCompile>
    <ClCompile Include="src\engine\manager\RenderStateManager.cpp">
      <Filter>Source\Engine\Manager\Private</Filter>
    </ClCompile>
    <ClCompile Include="src\engine\manager\WindowManager.cpp">
      <Filter>Source\Engine\Manager\Private</Filter>
    </ClCompile>
  </ItemGroup>
  <ItemGroup>
    <ClInclude Include="src\daybreak.h">
      <Filter>Source\pch</Filter>
    </ClInclude>
    <ClInclude Include="src\input\InputManager.h">
      <Filter>Source\Public\input</Filter>
    </ClInclude>
    <ClInclude Include="src\resources\ResourceManager.h">
      <Filter>Source\Public\resources</Filter>
    </ClInclude>
    <ClInclude Include="src\core\Core.h">
      <Filter>Source\Core\Public</Filter>
    </ClInclude>
    <ClInclude Include="src\core\CoreMinimal.h">
      <Filter>Source\Core\Public</Filter>
    </ClInclude>
    <ClInclude Include="src\core\CoreDefinitions.h">
      <Filter>Source\Core\Public</Filter>
    </ClInclude>
    <ClInclude Include="src\core\GameSettings.h">
      <Filter>Source\Core\Classes</Filter>
    </ClInclude>
    <ClInclude Include="src\engine\Simulation.h">
      <Filter>Source\Engine\Engine\Classes</Filter>
    </ClInclude>
    <ClInclude Include="src\engine\Engine.h">
      <Filter>Source\Engine\Engine\Classes</Filter>
    </ClInclude>
    <ClInclude Include="src\common\Logger.h">
      <Filter>Source\Common\Classes</Filter>
    </ClInclude>
    <ClInclude Include="src\common\Time.h">
      <Filter>Source\Common\Public</Filter>
    </ClInclude>
    <ClInclude Include="src\common\CmdLineArgs.h">
      <Filter>Source\Common\Public</Filter>
    </ClInclude>
    <ClInclude Include="src\platform\win32\SubObject.h">
      <Filter>Source\Platform\Win32\Classes</Filter>
    </ClInclude>
    <ClInclude Include="src\platform\win32\Window.h">
      <Filter>Source\Platform\Win32\Classes</Filter>
    </ClInclude>
    <ClInclude Include="src\platform\win32\WinEntry.h">
      <Filter>Source\Platform\Win32\Public</Filter>
    </ClInclude>
    <ClInclude Include="src\platform\win32\IApplication.h">
      <Filter>Source\Platform\Win32\Public</Filter>
    </ClInclude>
    <ClInclude Include="src\platform\win32\Win32Utils.h">
      <Filter>Source\Platform\Win32\Public</Filter>
    </ClInclude>
    <ClInclude Include="src\platform\win32\Win32Caption.h">
      <Filter>Source\Platform\Win32\Classes</Filter>
    </ClInclude>
    <ClInclude Include="src\platform\dx12\Application.h">
      <Filter>Source\Platform\DX12\Classes</Filter>
    </ClInclude>
    <ClInclude Include="src\platform\dx12\CommandQueue.h">
      <Filter>Source\Platform\DX12\Classes</Filter>
    </ClInclude>
    <ClInclude Include="src\platform\dx12\Context.h">
      <Filter>Source\Platform\DX12\Classes</Filter>
    </ClInclude>
    <ClInclude Include="src\platform\dx12\UploadBuffer.h">
      <Filter>Source\Platform\DX12\Classes</Filter>
    </ClInclude>
    <ClInclude Include="src\platform\dx12\DescriptorAllocation.h">
      <Filter>Source\Platform\DX12\Classes</Filter>
    </ClInclude>
    <ClInclude Include="src\platform\dx12\DescriptorAllocator.h">
      <Filter>Source\Platform\DX12\Classes</Filter>
    </ClInclude>
    <ClInclude Include="src\platform\dx12\DescriptorAllocatorPage.h">
      <Filter>Source\Platform\DX12\Classes</Filter>
    </ClInclude>
    <ClInclude Include="src\platform\dx12\DynamicDescriptorHeap.h">
      <Filter>Source\Platform\DX12\Classes</Filter>
    </ClInclude>
    <ClInclude Include="src\platform\dx12\CommandList.h">
      <Filter>Source\Platform\DX12\Classes</Filter>
    </ClInclude>
    <ClInclude Include="src\platform\dx12\RootSignature.h">
      <Filter>Source\Platform\DX12\Classes</Filter>
    </ClInclude>
    <ClInclude Include="src\platform\dx12\Resource.h">
      <Filter>Source\Platform\DX12\Classes</Filter>
    </ClInclude>
    <ClInclude Include="src\platform\dx12\ResourceStateTracker.h">
      <Filter>Source\Platform\DX12\Classes</Filter>
    </ClInclude>
    <ClInclude Include="src\platform\dx12\Texture.h">
      <Filter>Source\Platform\DX12\Classes</Filter>
    </ClInclude>
    <ClInclude Include="src\graphics\TextureType.h">
      <Filter>Source\Graphics\Public</Filter>
    </ClInclude>
    <ClInclude Include="src\common\ThreadSafeQueue.h">
      <Filter>Source\Common\Classes</Filter>
    </ClInclude>
    <ClInclude Include="src\platform\dx12\RenderTarget.h">
      <Filter>Source\Platform\DX12\Classes</Filter>
    </ClInclude>
    <ClInclude Include="src\platform\dx12\VertexBuffer.h">
      <Filter>Source\Platform\DX12\Classes</Filter>
    </ClInclude>
    <ClInclude Include="src\platform\dx12\Buffer.h">
      <Filter>Source\Platform\DX12\Classes</Filter>
    </ClInclude>
    <ClInclude Include="src\graphics\Mesh.h">
      <Filter>Source\Graphics\Classes</Filter>
    </ClInclude>
    <ClInclude Include="src\platform\dx12\IndexBuffer.h">
      <Filter>Source\Platform\DX12\Classes</Filter>
    </ClInclude>
    <ClInclude Include="src\graphics\Renderer.h">
      <Filter>Source\Graphics\Classes</Filter>
    </ClInclude>
    <ClInclude Include="src\platform\win32\ComboBox.h">
      <Filter>Source\Platform\Win32\Classes</Filter>
    </ClInclude>
    <ClInclude Include="src\graphics\Model.h">
      <Filter>Source\Graphics\Classes</Filter>
    </ClInclude>
    <ClInclude Include="src\engine\registry\MeshRegistry.h">
      <Filter>Source\Engine\Registry\Public</Filter>
    </ClInclude>
    <ClInclude Include="src\engine\registry\ModelRegistry.h">
      <Filter>Source\Engine\Registry\Public</Filter>
    </ClInclude>
    <ClInclude Include="src\engine\window\SplashScreen.h">
      <Filter>Source\Engine\Window\Public</Filter>
    </ClInclude>
    <ClInclude Include="src\engine\window\MetricsWindow.h">
      <Filter>Source\Engine\Window\Classes</Filter>
    </ClInclude>
    <ClInclude Include="src\engine\window\ControlWindow.h">
      <Filter>Source\Engine\Window\Classes</Filter>
    </ClInclude>
    <ClInclude Include="src\engine\manager\FPSCounter.h">
      <Filter>Source\Engine\Manager\Public</Filter>
    </ClInclude>
    <ClInclude Include="src\engine\manager\RenderStateManager.h">
      <Filter>Source\Engine\Manager\Public</Filter>
    </ClInclude>
    <ClInclude Include="src\engine\manager\WindowManager.h">
      <Filter>Source\Engine\Manager\Public</Filter>
    </ClInclude>
  </ItemGroup>
  <ItemGroup>
    <None Include="packages.config" />
  </ItemGroup>
</Project>